// !$*UTF8*$!
{
	archiveVersion = 1;
	classes = {
	};
	objectVersion = 77;
	objects = {

/* Begin PBXBuildFile section */
		0F72A0072E54E14A00AE7E58 /* FirebaseAuth in Frameworks */ = {isa = PBXBuildFile; productRef = 0F72A0062E54E14A00AE7E58 /* FirebaseAuth */; };
		0F72A0092E54E14A00AE7E58 /* FirebaseFirestore in Frameworks */ = {isa = PBXBuildFile; productRef = 0F72A0082E54E14A00AE7E58 /* FirebaseFirestore */; };
		0F72A00B2E54E14A00AE7E58 /* FirebaseStorage in Frameworks */ = {isa = PBXBuildFile; productRef = 0F72A00A2E54E14A00AE7E58 /* FirebaseStorage */; };
/* End PBXBuildFile section */

/* Begin PBXContainerItemProxy section */
		0F2134D32E538809007AFC2B /* PBXContainerItemProxy */ = {
			isa = PBXContainerItemProxy;
			containerPortal = 0F2134BD2E538807007AFC2B /* Project object */;
			proxyType = 1;
			remoteGlobalIDString = 0F2134C42E538807007AFC2B;
			remoteInfo = Klapp;
		};
		0F2134DD2E538809007AFC2B /* PBXContainerItemProxy */ = {
			isa = PBXContainerItemProxy;
			containerPortal = 0F2134BD2E538807007AFC2B /* Project object */;
			proxyType = 1;
			remoteGlobalIDString = 0F2134C42E538807007AFC2B;
			remoteInfo = Klapp;
		};
/* End PBXContainerItemProxy section */

/* Begin PBXFileReference section */
		0F2134C52E538807007AFC2B /* Klapp.app */ = {isa = PBXFileReference; explicitFileType = wrapper.application; includeInIndex = 0; path = Klapp.app; sourceTree = BUILT_PRODUCTS_DIR; };
		0F2134D22E538809007AFC2B /* KlappTests.xctest */ = {isa = PBXFileReference; explicitFileType = wrapper.cfbundle; includeInIndex = 0; path = KlappTests.xctest; sourceTree = BUILT_PRODUCTS_DIR; };
		0F2134DC2E538809007AFC2B /* KlappUITests.xctest */ = {isa = PBXFileReference; explicitFileType = wrapper.cfbundle; includeInIndex = 0; path = KlappUITests.xctest; sourceTree = BUILT_PRODUCTS_DIR; };
/* End PBXFileReference section */

/* Begin PBXFileSystemSynchronizedRootGroup section */
		0F2134C72E538807007AFC2B /* Klapp */ = {
			isa = PBXFileSystemSynchronizedRootGroup;
			path = Klapp;
			sourceTree = "<group>";
		};
		0F2134D52E538809007AFC2B /* KlappTests */ = {
			isa = PBXFileSystemSynchronizedRootGroup;
			path = KlappTests;
			sourceTree = "<group>";
		};
		0F2134DF2E538809007AFC2B /* KlappUITests */ = {
			isa = PBXFileSystemSynchronizedRootGroup;
			path = KlappUITests;
			sourceTree = "<group>";
		};
/* End PBXFileSystemSynchronizedRootGroup section */

/* Begin PBXFrameworksBuildPhase section */
		0F2134C22E538807007AFC2B /* Frameworks */ = {
			isa = PBXFrameworksBuildPhase;
			buildActionMask = 2147483647;
			files = (
				0F72A0072E54E14A00AE7E58 /* FirebaseAuth in Frameworks */,
				0F72A0092E54E14A00AE7E58 /* FirebaseFirestore in Frameworks */,
				0F72A00B2E54E14A00AE7E58 /* FirebaseStorage in Frameworks */,
			);
			runOnlyForDeploymentPostprocessing = 0;
		};
		0F2134CF2E538809007AFC2B /* Frameworks */ = {
			isa = PBXFrameworksBuildPhase;
			buildActionMask = 2147483647;
			files = (
			);
			runOnlyForDeploymentPostprocessing = 0;
		};
		0F2134D92E538809007AFC2B /* Frameworks */ = {
			isa = PBXFrameworksBuildPhase;
			buildActionMask = 2147483647;
			files = (
			);
			runOnlyForDeploymentPostprocessing = 0;
		};
/* End PBXFrameworksBuildPhase section */

/* Begin PBXGroup section */
		0F2134BC2E538807007AFC2B = {
			isa = PBXGroup;
			children = (
				0F2134C72E538807007AFC2B /* Klapp */,
				0F2134D52E538809007AFC2B /* KlappTests */,
				0F2134DF2E538809007AFC2B /* KlappUITests */,
				0F2134C62E538807007AFC2B /* Products */,
			);
			sourceTree = "<group>";
		};
		0F2134C62E538807007AFC2B /* Products */ = {
			isa = PBXGroup;
			children = (
				0F2134C52E538807007AFC2B /* Klapp.app */,
				0F2134D22E538809007AFC2B /* KlappTests.xctest */,
				0F2134DC2E538809007AFC2B /* KlappUITests.xctest */,
			);
			name = Products;
			sourceTree = "<group>";
		};
/* End PBXGroup section */

/* Begin PBXNativeTarget section */
		0F2134C42E538807007AFC2B /* Klapp */ = {
			isa = PBXNativeTarget;
			buildConfigurationList = 0F2134E62E538809007AFC2B /* Build configuration list for PBXNativeTarget "Klapp" */;
			buildPhases = (
				0F2134C12E538807007AFC2B /* Sources */,
				0F2134C22E538807007AFC2B /* Frameworks */,
				0F2134C32E538807007AFC2B /* Resources */,
			);
			buildRules = (
			);
			dependencies = (
			);
			fileSystemSynchronizedGroups = (
				0F2134C72E538807007AFC2B /* Klapp */,
			);
			name = Klapp;
			packageProductDependencies = (
				0F72A0062E54E14A00AE7E58 /* FirebaseAuth */,
				0F72A0082E54E14A00AE7E58 /* FirebaseFirestore */,
				0F72A00A2E54E14A00AE7E58 /* FirebaseStorage */,
			);
			productName = Klapp;
			productReference = 0F2134C52E538807007AFC2B /* Klapp.app */;
			productType = "com.apple.product-type.application";
		};
		0F2134D12E538809007AFC2B /* KlappTests */ = {
			isa = PBXNativeTarget;
			buildConfigurationList = 0F2134E92E538809007AFC2B /* Build configuration list for PBXNativeTarget "KlappTests" */;
			buildPhases = (
				0F2134CE2E538809007AFC2B /* Sources */,
				0F2134CF2E538809007AFC2B /* Frameworks */,
				0F2134D02E538809007AFC2B /* Resources */,
			);
			buildRules = (
			);
			dependencies = (
				0F2134D42E538809007AFC2B /* PBXTargetDependency */,
			);
			fileSystemSynchronizedGroups = (
				0F2134D52E538809007AFC2B /* KlappTests */,
			);
			name = KlappTests;
			packageProductDependencies = (
			);
			productName = KlappTests;
			productReference = 0F2134D22E538809007AFC2B /* KlappTests.xctest */;
			productType = "com.apple.product-type.bundle.unit-test";
		};
		0F2134DB2E538809007AFC2B /* KlappUITests */ = {
			isa = PBXNativeTarget;
			buildConfigurationList = 0F2134EC2E538809007AFC2B /* Build configuration list for PBXNativeTarget "KlappUITests" */;
			buildPhases = (
				0F2134D82E538809007AFC2B /* Sources */,
				0F2134D92E538809007AFC2B /* Frameworks */,
				0F2134DA2E538809007AFC2B /* Resources */,
			);
			buildRules = (
			);
			dependencies = (
				0F2134DE2E538809007AFC2B /* PBXTargetDependency */,
			);
			fileSystemSynchronizedGroups = (
				0F2134DF2E538809007AFC2B /* KlappUITests */,
			);
			name = KlappUITests;
			packageProductDependencies = (
			);
			productName = KlappUITests;
			productReference = 0F2134DC2E538809007AFC2B /* KlappUITests.xctest */;
			productType = "com.apple.product-type.bundle.ui-testing";
		};
/* End PBXNativeTarget section */

/* Begin PBXProject section */
		0F2134BD2E538807007AFC2B /* Project object */ = {
			isa = PBXProject;
			attributes = {
				BuildIndependentTargetsInParallel = 1;
				LastSwiftUpdateCheck = 1640;
				LastUpgradeCheck = 1640;
				TargetAttributes = {
					0F2134C42E538807007AFC2B = {
						CreatedOnToolsVersion = 16.4;
					};
					0F2134D12E538809007AFC2B = {
						CreatedOnToolsVersion = 16.4;
						TestTargetID = 0F2134C42E538807007AFC2B;
					};
					0F2134DB2E538809007AFC2B = {
						CreatedOnToolsVersion = 16.4;
						TestTargetID = 0F2134C42E538807007AFC2B;
					};
				};
			};
			buildConfigurationList = 0F2134C02E538807007AFC2B /* Build configuration list for PBXProject "Klapp" */;
			developmentRegion = en;
			hasScannedForEncodings = 0;
			knownRegions = (
				en,
				Base,
			);
			mainGroup = 0F2134BC2E538807007AFC2B;
			minimizedProjectReferenceProxies = 1;
			packageReferences = (
				0F72A0052E54E14A00AE7E58 /* XCRemoteSwiftPackageReference "firebase-ios-sdk" */,
			);
			preferredProjectObjectVersion = 77;
			productRefGroup = 0F2134C62E538807007AFC2B /* Products */;
			projectDirPath = "";
			projectRoot = "";
			targets = (
				0F2134C42E538807007AFC2B /* Klapp */,
				0F2134D12E538809007AFC2B /* KlappTests */,
				0F2134DB2E538809007AFC2B /* KlappUITests */,
			);
		};
/* End PBXProject section */

/* Begin PBXResourcesBuildPhase section */
		0F2134C32E538807007AFC2B /* Resources */ = {
			isa = PBXResourcesBuildPhase;
			buildActionMask = 2147483647;
			files = (
			);
			runOnlyForDeploymentPostprocessing = 0;
		};
		0F2134D02E538809007AFC2B /* Resources */ = {
			isa = PBXResourcesBuildPhase;
			buildActionMask = 2147483647;
			files = (
			);
			runOnlyForDeploymentPostprocessing = 0;
		};
		0F2134DA2E538809007AFC2B /* Resources */ = {
			isa = PBXResourcesBuildPhase;
			buildActionMask = 2147483647;
			files = (
			);
			runOnlyForDeploymentPostprocessing = 0;
		};
/* End PBXResourcesBuildPhase section */

/* Begin PBXSourcesBuildPhase section */
		0F2134C12E538807007AFC2B /* Sources */ = {
			isa = PBXSourcesBuildPhase;
			buildActionMask = 2147483647;
			files = (
			);
			runOnlyForDeploymentPostprocessing = 0;
		};
		0F2134CE2E538809007AFC2B /* Sources */ = {
			isa = PBXSourcesBuildPhase;
			buildActionMask = 2147483647;
			files = (
			);
			runOnlyForDeploymentPostprocessing = 0;
		};
		0F2134D82E538809007AFC2B /* Sources */ = {
			isa = PBXSourcesBuildPhase;
			buildActionMask = 2147483647;
			files = (
			);
			runOnlyForDeploymentPostprocessing = 0;
		};
/* End PBXSourcesBuildPhase section */

/* Begin PBXTargetDependency section */
		0F2134D42E538809007AFC2B /* PBXTargetDependency */ = {
			isa = PBXTargetDependency;
			target = 0F2134C42E538807007AFC2B /* Klapp */;
			targetProxy = 0F2134D32E538809007AFC2B /* PBXContainerItemProxy */;
		};
		0F2134DE2E538809007AFC2B /* PBXTargetDependency */ = {
			isa = PBXTargetDependency;
			target = 0F2134C42E538807007AFC2B /* Klapp */;
			targetProxy = 0F2134DD2E538809007AFC2B /* PBXContainerItemProxy */;
		};
/* End PBXTargetDependency section */

/* Begin XCBuildConfiguration section */
		0F2134E42E538809007AFC2B /* Debug */ = {
			isa = XCBuildConfiguration;
			buildSettings = {
				ALWAYS_SEARCH_USER_PATHS = NO;
				ASSETCATALOG_COMPILER_GENERATE_SWIFT_ASSET_SYMBOL_EXTENSIONS = YES;
				CLANG_ANALYZER_NONNULL = YES;
				CLANG_ANALYZER_NUMBER_OBJECT_CONVERSION = YES_AGGRESSIVE;
				CLANG_CXX_LANGUAGE_STANDARD = "gnu++20";
				CLANG_ENABLE_MODULES = YES;
				CLANG_ENABLE_OBJC_ARC = YES;
				CLANG_ENABLE_OBJC_WEAK = YES;
				CLANG_WARN_BLOCK_CAPTURE_AUTORELEASING = YES;
				CLANG_WARN_BOOL_CONVERSION = YES;
				CLANG_WARN_COMMA = YES;
				CLANG_WARN_CONSTANT_CONVERSION = YES;
				CLANG_WARN_DEPRECATED_OBJC_IMPLEMENTATIONS = YES;
				CLANG_WARN_DIRECT_OBJC_ISA_USAGE = YES_ERROR;
				CLANG_WARN_DOCUMENTATION_COMMENTS = YES;
				CLANG_WARN_EMPTY_BODY = YES;
				CLANG_WARN_ENUM_CONVERSION = YES;
				CLANG_WARN_INFINITE_RECURSION = YES;
				CLANG_WARN_INT_CONVERSION = YES;
				CLANG_WARN_NON_LITERAL_NULL_CONVERSION = YES;
				CLANG_WARN_OBJC_IMPLICIT_RETAIN_SELF = YES;
				CLANG_WARN_OBJC_LITERAL_CONVERSION = YES;
				CLANG_WARN_OBJC_ROOT_CLASS = YES_ERROR;
				CLANG_WARN_QUOTED_INCLUDE_IN_FRAMEWORK_HEADER = YES;
				CLANG_WARN_RANGE_LOOP_ANALYSIS = YES;
				CLANG_WARN_STRICT_PROTOTYPES = YES;
				CLANG_WARN_SUSPICIOUS_MOVE = YES;
				CLANG_WARN_UNGUARDED_AVAILABILITY = YES_AGGRESSIVE;
				CLANG_WARN_UNREACHABLE_CODE = YES;
				CLANG_WARN__DUPLICATE_METHOD_MATCH = YES;
				COPY_PHASE_STRIP = NO;
				DEBUG_INFORMATION_FORMAT = dwarf;
				ENABLE_STRICT_OBJC_MSGSEND = YES;
				ENABLE_TESTABILITY = YES;
				ENABLE_USER_SCRIPT_SANDBOXING = YES;
				GCC_C_LANGUAGE_STANDARD = gnu17;
				GCC_DYNAMIC_NO_PIC = NO;
				GCC_NO_COMMON_BLOCKS = YES;
				GCC_OPTIMIZATION_LEVEL = 0;
				GCC_PREPROCESSOR_DEFINITIONS = (
					"DEBUG=1",
					"$(inherited)",
				);
				GCC_WARN_64_TO_32_BIT_CONVERSION = YES;
				GCC_WARN_ABOUT_RETURN_TYPE = YES_ERROR;
				GCC_WARN_UNDECLARED_SELECTOR = YES;
				GCC_WARN_UNINITIALIZED_AUTOS = YES_AGGRESSIVE;
				GCC_WARN_UNUSED_FUNCTION = YES;
				GCC_WARN_UNUSED_VARIABLE = YES;
				IPHONEOS_DEPLOYMENT_TARGET = 18.5;
				LOCALIZATION_PREFERS_STRING_CATALOGS = YES;
				MTL_ENABLE_DEBUG_INFO = INCLUDE_SOURCE;
				MTL_FAST_MATH = YES;
				ONLY_ACTIVE_ARCH = YES;
				SDKROOT = iphoneos;
				SWIFT_ACTIVE_COMPILATION_CONDITIONS = "DEBUG $(inherited)";
				SWIFT_OPTIMIZATION_LEVEL = "-Onone";
			};
			name = Debug;
		};
		0F2134E52E538809007AFC2B /* Release */ = {
			isa = XCBuildConfiguration;
			buildSettings = {
				ALWAYS_SEARCH_USER_PATHS = NO;
				ASSETCATALOG_COMPILER_GENERATE_SWIFT_ASSET_SYMBOL_EXTENSIONS = YES;
				CLANG_ANALYZER_NONNULL = YES;
				CLANG_ANALYZER_NUMBER_OBJECT_CONVERSION = YES_AGGRESSIVE;
				CLANG_CXX_LANGUAGE_STANDARD = "gnu++20";
				CLANG_ENABLE_MODULES = YES;
				CLANG_ENABLE_OBJC_ARC = YES;
				CLANG_ENABLE_OBJC_WEAK = YES;
				CLANG_WARN_BLOCK_CAPTURE_AUTORELEASING = YES;
				CLANG_WARN_BOOL_CONVERSION = YES;
				CLANG_WARN_COMMA = YES;
				CLANG_WARN_CONSTANT_CONVERSION = YES;
				CLANG_WARN_DEPRECATED_OBJC_IMPLEMENTATIONS = YES;
				CLANG_WARN_DIRECT_OBJC_ISA_USAGE = YES_ERROR;
				CLANG_WARN_DOCUMENTATION_COMMENTS = YES;
				CLANG_WARN_EMPTY_BODY = YES;
				CLANG_WARN_ENUM_CONVERSION = YES;
				CLANG_WARN_INFINITE_RECURSION = YES;
				CLANG_WARN_INT_CONVERSION = YES;
				CLANG_WARN_NON_LITERAL_NULL_CONVERSION = YES;
				CLANG_WARN_OBJC_IMPLICIT_RETAIN_SELF = YES;
				CLANG_WARN_OBJC_LITERAL_CONVERSION = YES;
				CLANG_WARN_OBJC_ROOT_CLASS = YES_ERROR;
				CLANG_WARN_QUOTED_INCLUDE_IN_FRAMEWORK_HEADER = YES;
				CLANG_WARN_RANGE_LOOP_ANALYSIS = YES;
				CLANG_WARN_STRICT_PROTOTYPES = YES;
				CLANG_WARN_SUSPICIOUS_MOVE = YES;
				CLANG_WARN_UNGUARDED_AVAILABILITY = YES_AGGRESSIVE;
				CLANG_WARN_UNREACHABLE_CODE = YES;
				CLANG_WARN__DUPLICATE_METHOD_MATCH = YES;
				COPY_PHASE_STRIP = NO;
				DEBUG_INFORMATION_FORMAT = "dwarf-with-dsym";
				ENABLE_NS_ASSERTIONS = NO;
				ENABLE_STRICT_OBJC_MSGSEND = YES;
				ENABLE_USER_SCRIPT_SANDBOXING = YES;
				GCC_C_LANGUAGE_STANDARD = gnu17;
				GCC_NO_COMMON_BLOCKS = YES;
				GCC_WARN_64_TO_32_BIT_CONVERSION = YES;
				GCC_WARN_ABOUT_RETURN_TYPE = YES_ERROR;
				GCC_WARN_UNDECLARED_SELECTOR = YES;
				GCC_WARN_UNINITIALIZED_AUTOS = YES_AGGRESSIVE;
				GCC_WARN_UNUSED_FUNCTION = YES;
				GCC_WARN_UNUSED_VARIABLE = YES;
				IPHONEOS_DEPLOYMENT_TARGET = 18.5;
				LOCALIZATION_PREFERS_STRING_CATALOGS = YES;
				MTL_ENABLE_DEBUG_INFO = NO;
				MTL_FAST_MATH = YES;
				SDKROOT = iphoneos;
				SWIFT_COMPILATION_MODE = wholemodule;
				VALIDATE_PRODUCT = YES;
			};
			name = Release;
		};
		0F2134E72E538809007AFC2B /* Debug */ = {
			isa = XCBuildConfiguration;
			buildSettings = {
				ASSETCATALOG_COMPILER_APPICON_NAME = AppIcon;
				ASSETCATALOG_COMPILER_GLOBAL_ACCENT_COLOR_NAME = AccentColor;
				CODE_SIGN_STYLE = Automatic;
				CURRENT_PROJECT_VERSION = 1;
				ENABLE_PREVIEWS = YES;
				GENERATE_INFOPLIST_FILE = YES;
				INFOPLIST_KEY_UIApplicationSceneManifest_Generation = YES;
				INFOPLIST_KEY_UIApplicationSupportsIndirectInputEvents = YES;
				INFOPLIST_KEY_UILaunchScreen_Generation = YES;
				INFOPLIST_KEY_UISupportedInterfaceOrientations_iPad = "UIInterfaceOrientationPortrait UIInterfaceOrientationPortraitUpsideDown UIInterfaceOrientationLandscapeLeft UIInterfaceOrientationLandscapeRight";
				INFOPLIST_KEY_UISupportedInterfaceOrientations_iPhone = "UIInterfaceOrientationPortrait UIInterfaceOrientationLandscapeLeft UIInterfaceOrientationLandscapeRight";
				LD_RUNPATH_SEARCH_PATHS = (
					"$(inherited)",
					"@executable_path/Frameworks",
				);
				MARKETING_VERSION = 1.0;
				PRODUCT_BUNDLE_IDENTIFIER = com.xcode.ios.klapp;
				PRODUCT_NAME = "$(TARGET_NAME)";
				SWIFT_EMIT_LOC_STRINGS = YES;
				SWIFT_VERSION = 5.0;
				TARGETED_DEVICE_FAMILY = "1,2";
			};
			name = Debug;
		};
		0F2134E82E538809007AFC2B /* Release */ = {
			isa = XCBuildConfiguration;
			buildSettings = {
				ASSETCATALOG_COMPILER_APPICON_NAME = AppIcon;
				ASSETCATALOG_COMPILER_GLOBAL_ACCENT_COLOR_NAME = AccentColor;
				CODE_SIGN_STYLE = Automatic;
				CURRENT_PROJECT_VERSION = 1;
				ENABLE_PREVIEWS = YES;
				GENERATE_INFOPLIST_FILE = YES;
				INFOPLIST_KEY_UIApplicationSceneManifest_Generation = YES;
				INFOPLIST_KEY_UIApplicationSupportsIndirectInputEvents = YES;
				INFOPLIST_KEY_UILaunchScreen_Generation = YES;
				INFOPLIST_KEY_UISupportedInterfaceOrientations_iPad = "UIInterfaceOrientationPortrait UIInterfaceOrientationPortraitUpsideDown UIInterfaceOrientationLandscapeLeft UIInterfaceOrientationLandscapeRight";
				INFOPLIST_KEY_UISupportedInterfaceOrientations_iPhone = "UIInterfaceOrientationPortrait UIInterfaceOrientationLandscapeLeft UIInterfaceOrientationLandscapeRight";
				LD_RUNPATH_SEARCH_PATHS = (
					"$(inherited)",
					"@executable_path/Frameworks",
				);
				MARKETING_VERSION = 1.0;
				PRODUCT_BUNDLE_IDENTIFIER = com.xcode.ios.klapp;
				PRODUCT_NAME = "$(TARGET_NAME)";
				SWIFT_EMIT_LOC_STRINGS = YES;
				SWIFT_VERSION = 5.0;
				TARGETED_DEVICE_FAMILY = "1,2";
			};
			name = Release;
		};
		0F2134EA2E538809007AFC2B /* Debug */ = {
			isa = XCBuildConfiguration;
			buildSettings = {
				BUNDLE_LOADER = "$(TEST_HOST)";
				CODE_SIGN_STYLE = Automatic;
				CURRENT_PROJECT_VERSION = 1;
				GENERATE_INFOPLIST_FILE = YES;
				IPHONEOS_DEPLOYMENT_TARGET = 18.5;
				MARKETING_VERSION = 1.0;
				PRODUCT_BUNDLE_IDENTIFIER = com.xcode.ios.KlappTests;
				PRODUCT_NAME = "$(TARGET_NAME)";
				SWIFT_EMIT_LOC_STRINGS = NO;
				SWIFT_VERSION = 5.0;
				TARGETED_DEVICE_FAMILY = "1,2";
				TEST_HOST = "$(BUILT_PRODUCTS_DIR)/Klapp.app/$(BUNDLE_EXECUTABLE_FOLDER_PATH)/Klapp";
			};
			name = Debug;
		};
		0F2134EB2E538809007AFC2B /* Release */ = {
			isa = XCBuildConfiguration;
			buildSettings = {
				BUNDLE_LOADER = "$(TEST_HOST)";
				CODE_SIGN_STYLE = Automatic;
				CURRENT_PROJECT_VERSION = 1;
				GENERATE_INFOPLIST_FILE = YES;
				IPHONEOS_DEPLOYMENT_TARGET = 18.5;
				MARKETING_VERSION = 1.0;
				PRODUCT_BUNDLE_IDENTIFIER = com.xcode.ios.KlappTests;
				PRODUCT_NAME = "$(TARGET_NAME)";
				SWIFT_EMIT_LOC_STRINGS = NO;
				SWIFT_VERSION = 5.0;
				TARGETED_DEVICE_FAMILY = "1,2";
				TEST_HOST = "$(BUILT_PRODUCTS_DIR)/Klapp.app/$(BUNDLE_EXECUTABLE_FOLDER_PATH)/Klapp";
			};
			name = Release;
		};
		0F2134ED2E538809007AFC2B /* Debug */ = {
			isa = XCBuildConfiguration;
			buildSettings = {
				CODE_SIGN_STYLE = Automatic;
				CURRENT_PROJECT_VERSION = 1;
				GENERATE_INFOPLIST_FILE = YES;
				MARKETING_VERSION = 1.0;
				PRODUCT_BUNDLE_IDENTIFIER = com.xcode.ios.KlappUITests;
				PRODUCT_NAME = "$(TARGET_NAME)";
				SWIFT_EMIT_LOC_STRINGS = NO;
				SWIFT_VERSION = 5.0;
				TARGETED_DEVICE_FAMILY = "1,2";
				TEST_TARGET_NAME = Klapp;
			};
			name = Debug;
		};
		0F2134EE2E538809007AFC2B /* Release */ = {
			isa = XCBuildConfiguration;
			buildSettings = {
				CODE_SIGN_STYLE = Automatic;
				CURRENT_PROJECT_VERSION = 1;
				GENERATE_INFOPLIST_FILE = YES;
				MARKETING_VERSION = 1.0;
				PRODUCT_BUNDLE_IDENTIFIER = com.xcode.ios.KlappUITests;
				PRODUCT_NAME = "$(TARGET_NAME)";
				SWIFT_EMIT_LOC_STRINGS = NO;
				SWIFT_VERSION = 5.0;
				TARGETED_DEVICE_FAMILY = "1,2";
				TEST_TARGET_NAME = Klapp;
			};
			name = Release;
		};
/* End XCBuildConfiguration section */

/* Begin XCConfigurationList section */
		0F2134C02E538807007AFC2B /* Build configuration list for PBXProject "Klapp" */ = {
			isa = XCConfigurationList;
			buildConfigurations = (
				0F2134E42E538809007AFC2B /* Debug */,
				0F2134E52E538809007AFC2B /* Release */,
			);
			defaultConfigurationIsVisible = 0;
			defaultConfigurationName = Release;
		};
		0F2134E62E538809007AFC2B /* Build configuration list for PBXNativeTarget "Klapp" */ = {
			isa = XCConfigurationList;
			buildConfigurations = (
				0F2134E72E538809007AFC2B /* Debug */,
				0F2134E82E538809007AFC2B /* Release */,
			);
			defaultConfigurationIsVisible = 0;
			defaultConfigurationName = Release;
		};
		0F2134E92E538809007AFC2B /* Build configuration list for PBXNativeTarget "KlappTests" */ = {
			isa = XCConfigurationList;
			buildConfigurations = (
				0F2134EA2E538809007AFC2B /* Debug */,
				0F2134EB2E538809007AFC2B /* Release */,
			);
			defaultConfigurationIsVisible = 0;
			defaultConfigurationName = Release;
		};
		0F2134EC2E538809007AFC2B /* Build configuration list for PBXNativeTarget "KlappUITests" */ = {
			isa = XCConfigurationList;
			buildConfigurations = (
				0F2134ED2E538809007AFC2B /* Debug */,
				0F2134EE2E538809007AFC2B /* Release */,
			);
			defaultConfigurationIsVisible = 0;
			defaultConfigurationName = Release;
		};
/* End XCConfigurationList section */

/* Begin XCRemoteSwiftPackageReference section */
		0F72A0052E54E14A00AE7E58 /* XCRemoteSwiftPackageReference "firebase-ios-sdk" */ = {
			isa = XCRemoteSwiftPackageReference;
			repositoryURL = "https://github.com/firebase/firebase-ios-sdk";
			requirement = {
				kind = upToNextMajorVersion;
				minimumVersion = 12.1.0;
			};
		};
/* End XCRemoteSwiftPackageReference section */

/* Begin XCSwiftPackageProductDependency section */
		0F72A0062E54E14A00AE7E58 /* FirebaseAuth */ = {
			isa = XCSwiftPackageProductDependency;
			package = 0F72A0052E54E14A00AE7E58 /* XCRemoteSwiftPackageReference "firebase-ios-sdk" */;
			productName = FirebaseAuth;
		};
		0F72A0082E54E14A00AE7E58 /* FirebaseFirestore */ = {
			isa = XCSwiftPackageProductDependency;
			package = 0F72A0052E54E14A00AE7E58 /* XCRemoteSwiftPackageReference "firebase-ios-sdk" */;
			productName = FirebaseFirestore;
		};
		0F72A00A2E54E14A00AE7E58 /* FirebaseStorage */ = {
			isa = XCSwiftPackageProductDependency;
			package = 0F72A0052E54E14A00AE7E58 /* XCRemoteSwiftPackageReference "firebase-ios-sdk" */;
			productName = FirebaseStorage;
		};
/* End XCSwiftPackageProductDependency section */
	};
	rootObject = 0F2134BD2E538807007AFC2B /* Project object */;
}
